
Microsoft Visual Studio Solution File, Format Version 12.00
# Visual Studio Version 17
VisualStudioVersion = 17.11.35327.3
MinimumVisualStudioVersion = 10.0.40219.1
Project("{FAE04EC0-301F-11D3-BF4B-00C04F79EFBC}") = "Lottery", "Lottery\Lottery.csproj", "{21575E1D-72FA-4617-A655-5BA61FF12844}"
EndProject
Global
	GlobalSection(SolutionConfigurationPlatforms) = preSolution
		Debug|Any CPU = Debug|Any CPU
		Release|Any CPU = Release|Any CPU
	EndGlobalSection
	GlobalSection(ProjectConfigurationPlatforms) = postSolution
		{21575E1D-72FA-4617-A655-5BA61FF12844}.Debug|Any CPU.ActiveCfg = Debug|Any CPU
		{21575E1D-72FA-4617-A655-5BA61FF12844}.Debug|Any CPU.Build.0 = Debug|Any CPU
		{21575E1D-72FA-4617-A655-5BA61FF12844}.Release|Any CPU.ActiveCfg = Release|Any CPU
		{21575E1D-72FA-4617-A655-5BA61FF12844}.Release|Any CPU.Build.0 = Release|Any CPU
	EndGlobalSection
	GlobalSection(SolutionProperties) = preSolution
		HideSolutionNode = FALSE
	EndGlobalSection
	GlobalSection(ExtensibilityGlobals) = postSolution
		SolutionGuid = {2861C612-9BFF-4607-B78B-11B403895DB3}
	EndGlobalSection
EndGlobal
